
Microsoft Visual Studio Solution File, Format Version 12.00
# Visual Studio Version 16
VisualStudioVersion = 16.0.29911.84
MinimumVisualStudioVersion = 10.0.40219.1
Project("{9A19103F-16F7-4668-BE54-9A1E7A4F7556}") = "MechanicalAssistance.Common", "MechanicalAssistance.Common\MechanicalAssistance.Common.csproj", "{2710C664-CF42-4590-95A5-3F9FD3446DC3}"
EndProject
Project("{9A19103F-16F7-4668-BE54-9A1E7A4F7556}") = "MechanicalAssistance.Web", "MechanicalAssistance.Web\MechanicalAssistance.Web.csproj", "{35589C3A-5AD4-4B7D-B32D-79C05D2D1A7A}"
EndProject
Project("{FAE04EC0-301F-11D3-BF4B-00C04F79EFBC}") = "MechanicalAssistance.Prism", "MechanicalAssistance.Prism\MechanicalAssistance.Prism\MechanicalAssistance.Prism.csproj", "{A3F0AABA-619C-4A70-9EB8-5E95479C4E7D}"
EndProject
Project("{FAE04EC0-301F-11D3-BF4B-00C04F79EFBC}") = "MechanicalAssistance.Prism.Android", "MechanicalAssistance.Prism\MechanicalAssistance.Prism.Android\MechanicalAssistance.Prism.Android.csproj", "{E83FDC76-697C-4F96-81CE-9D67CCD8E92B}"
EndProject
Global
	GlobalSection(SolutionConfigurationPlatforms) = preSolution
		Debug|Any CPU = Debug|Any CPU
		Release|Any CPU = Release|Any CPU
	EndGlobalSection
	GlobalSection(ProjectConfigurationPlatforms) = postSolution
		{2710C664-CF42-4590-95A5-3F9FD3446DC3}.Debug|Any CPU.ActiveCfg = Debug|Any CPU
		{2710C664-CF42-4590-95A5-3F9FD3446DC3}.Debug|Any CPU.Build.0 = Debug|Any CPU
		{2710C664-CF42-4590-95A5-3F9FD3446DC3}.Release|Any CPU.ActiveCfg = Release|Any CPU
		{2710C664-CF42-4590-95A5-3F9FD3446DC3}.Release|Any CPU.Build.0 = Release|Any CPU
		{35589C3A-5AD4-4B7D-B32D-79C05D2D1A7A}.Debug|Any CPU.ActiveCfg = Debug|Any CPU
		{35589C3A-5AD4-4B7D-B32D-79C05D2D1A7A}.Debug|Any CPU.Build.0 = Debug|Any CPU
		{35589C3A-5AD4-4B7D-B32D-79C05D2D1A7A}.Release|Any CPU.ActiveCfg = Release|Any CPU
		{35589C3A-5AD4-4B7D-B32D-79C05D2D1A7A}.Release|Any CPU.Build.0 = Release|Any CPU
		{A3F0AABA-619C-4A70-9EB8-5E95479C4E7D}.Debug|Any CPU.ActiveCfg = Debug|Any CPU
		{A3F0AABA-619C-4A70-9EB8-5E95479C4E7D}.Debug|Any CPU.Build.0 = Debug|Any CPU
		{A3F0AABA-619C-4A70-9EB8-5E95479C4E7D}.Release|Any CPU.ActiveCfg = Release|Any CPU
		{A3F0AABA-619C-4A70-9EB8-5E95479C4E7D}.Release|Any CPU.Build.0 = Release|Any CPU
		{E83FDC76-697C-4F96-81CE-9D67CCD8E92B}.Debug|Any CPU.ActiveCfg = Debug|Any CPU
		{E83FDC76-697C-4F96-81CE-9D67CCD8E92B}.Debug|Any CPU.Build.0 = Debug|Any CPU
		{E83FDC76-697C-4F96-81CE-9D67CCD8E92B}.Debug|Any CPU.Deploy.0 = Debug|Any CPU
		{E83FDC76-697C-4F96-81CE-9D67CCD8E92B}.Release|Any CPU.ActiveCfg = Release|Any CPU
		{E83FDC76-697C-4F96-81CE-9D67CCD8E92B}.Release|Any CPU.Build.0 = Release|Any CPU
		{E83FDC76-697C-4F96-81CE-9D67CCD8E92B}.Release|Any CPU.Deploy.0 = Release|Any CPU
	EndGlobalSection
	GlobalSection(SolutionProperties) = preSolution
		HideSolutionNode = FALSE
	EndGlobalSection
	GlobalSection(ExtensibilityGlobals) = postSolution
		SolutionGuid = {3DA3521E-54C4-49AD-B454-77309B299F78}
	EndGlobalSection
EndGlobal
